
Microsoft Visual Studio Solution File, Format Version 12.00
Project("{FAE04EC0-301F-11D3-BF4B-00C04F79EFBC}") = "SifreUreteci", "SifreUreteci\SifreUreteci.csproj", "{C9BE9758-DC1C-4560-B60B-28839ED8C1F6}"
EndProject
Global
	GlobalSection(SolutionConfigurationPlatforms) = preSolution
		Debug|Any CPU = Debug|Any CPU
		Release|Any CPU = Release|Any CPU
	EndGlobalSection
	GlobalSection(ProjectConfigurationPlatforms) = postSolution
		{C9BE9758-DC1C-4560-B60B-28839ED8C1F6}.Debug|Any CPU.ActiveCfg = Debug|Any CPU
		{C9BE9758-DC1C-4560-B60B-28839ED8C1F6}.Debug|Any CPU.Build.0 = Debug|Any CPU
		{C9BE9758-DC1C-4560-B60B-28839ED8C1F6}.Release|Any CPU.ActiveCfg = Release|Any CPU
		{C9BE9758-DC1C-4560-B60B-28839ED8C1F6}.Release|Any CPU.Build.0 = Release|Any CPU
	EndGlobalSection
EndGlobal
